// !$*UTF8*$!
{
	archiveVersion = 1;
	classes = {
	};
	objectVersion = 56;
	objects = {

/* Begin PBXBuildFile section */
		4803B18029DAD3FC003BB4BA /* Bubble.swift in Sources */ = {isa = PBXBuildFile; fileRef = 4803B17F29DAD3FC003BB4BA /* Bubble.swift */; };
		4803B18229DAD43D003BB4BA /* Player.swift in Sources */ = {isa = PBXBuildFile; fileRef = 4803B18129DAD43D003BB4BA /* Player.swift */; };
		485D97B629F6B1E200A07798 /* Countdown.swift in Sources */ = {isa = PBXBuildFile; fileRef = 485D97B529F6B1E100A07798 /* Countdown.swift */; };
		48CCA3CE29DAB86E00203694 /* AppDelegate.swift in Sources */ = {isa = PBXBuildFile; fileRef = 48CCA3CD29DAB86E00203694 /* AppDelegate.swift */; };
		48CCA3D029DAB86E00203694 /* SceneDelegate.swift in Sources */ = {isa = PBXBuildFile; fileRef = 48CCA3CF29DAB86E00203694 /* SceneDelegate.swift */; };
		48CCA3D529DAB86E00203694 /* Main.storyboard in Resources */ = {isa = PBXBuildFile; fileRef = 48CCA3D329DAB86E00203694 /* Main.storyboard */; };
		48CCA3D729DAB87200203694 /* Assets.xcassets in Resources */ = {isa = PBXBuildFile; fileRef = 48CCA3D629DAB87200203694 /* Assets.xcassets */; };
		48CCA3DA29DAB87200203694 /* LaunchScreen.storyboard in Resources */ = {isa = PBXBuildFile; fileRef = 48CCA3D829DAB87200203694 /* LaunchScreen.storyboard */; };
		48CCA3E529DAB87200203694 /* Bubble_PopTests.swift in Sources */ = {isa = PBXBuildFile; fileRef = 48CCA3E429DAB87200203694 /* Bubble_PopTests.swift */; };
		48CCA3EF29DAB87200203694 /* Bubble_PopUITests.swift in Sources */ = {isa = PBXBuildFile; fileRef = 48CCA3EE29DAB87200203694 /* Bubble_PopUITests.swift */; };
		48CCA3F129DAB87200203694 /* Bubble_PopUITestsLaunchTests.swift in Sources */ = {isa = PBXBuildFile; fileRef = 48CCA3F029DAB87200203694 /* Bubble_PopUITestsLaunchTests.swift */; };
		48CCA40129DAB9A600203694 /* MainViewController.swift in Sources */ = {isa = PBXBuildFile; fileRef = 48CCA40029DAB9A600203694 /* MainViewController.swift */; };
		48CCA43F29DABDDD00203694 /* SettingViewController.swift in Sources */ = {isa = PBXBuildFile; fileRef = 48CCA43E29DABDDD00203694 /* SettingViewController.swift */; };
		48CCA44129DABDFA00203694 /* GameViewController.swift in Sources */ = {isa = PBXBuildFile; fileRef = 48CCA44029DABDFA00203694 /* GameViewController.swift */; };
		48CCA44329DABE0D00203694 /* HighscoreViewController.swift in Sources */ = {isa = PBXBuildFile; fileRef = 48CCA44229DABE0D00203694 /* HighscoreViewController.swift */; };
/* End PBXBuildFile section */

/* Begin PBXContainerItemProxy section */
		48CCA3E129DAB87200203694 /* PBXContainerItemProxy */ = {
			isa = PBXContainerItemProxy;
			containerPortal = 48CCA3C229DAB86E00203694 /* Project object */;
			proxyType = 1;
			remoteGlobalIDString = 48CCA3C929DAB86E00203694;
			remoteInfo = "Bubble Pop";
		};
		48CCA3EB29DAB87200203694 /* PBXContainerItemProxy */ = {
			isa = PBXContainerItemProxy;
			containerPortal = 48CCA3C229DAB86E00203694 /* Project object */;
			proxyType = 1;
			remoteGlobalIDString = 48CCA3C929DAB86E00203694;
			remoteInfo = "Bubble Pop";
		};
/* End PBXContainerItemProxy section */

/* Begin PBXFileReference section */
		4803B17F29DAD3FC003BB4BA /* Bubble.swift */ = {isa = PBXFileReference; lastKnownFileType = sourcecode.swift; path = Bubble.swift; sourceTree = "<group>"; };
		4803B18129DAD43D003BB4BA /* Player.swift */ = {isa = PBXFileReference; lastKnownFileType = sourcecode.swift; path = Player.swift; sourceTree = "<group>"; };
		485D97B529F6B1E100A07798 /* Countdown.swift */ = {isa = PBXFileReference; lastKnownFileType = sourcecode.swift; path = Countdown.swift; sourceTree = "<group>"; };
		48CCA3CA29DAB86E00203694 /* Bubble Pop.app */ = {isa = PBXFileReference; explicitFileType = wrapper.application; includeInIndex = 0; path = "Bubble Pop.app"; sourceTree = BUILT_PRODUCTS_DIR; };
		48CCA3CD29DAB86E00203694 /* AppDelegate.swift */ = {isa = PBXFileReference; lastKnownFileType = sourcecode.swift; path = AppDelegate.swift; sourceTree = "<group>"; };
		48CCA3CF29DAB86E00203694 /* SceneDelegate.swift */ = {isa = PBXFileReference; lastKnownFileType = sourcecode.swift; path = SceneDelegate.swift; sourceTree = "<group>"; };
		48CCA3D429DAB86E00203694 /* Base */ = {isa = PBXFileReference; lastKnownFileType = file.storyboard; name = Base; path = Base.lproj/Main.storyboard; sourceTree = "<group>"; };
		48CCA3D629DAB87200203694 /* Assets.xcassets */ = {isa = PBXFileReference; lastKnownFileType = folder.assetcatalog; path = Assets.xcassets; sourceTree = "<group>"; };
		48CCA3D929DAB87200203694 /* Base */ = {isa = PBXFileReference; lastKnownFileType = file.storyboard; name = Base; path = Base.lproj/LaunchScreen.storyboard; sourceTree = "<group>"; };
		48CCA3DB29DAB87200203694 /* Info.plist */ = {isa = PBXFileReference; lastKnownFileType = text.plist.xml; path = Info.plist; sourceTree = "<group>"; };
		48CCA3E029DAB87200203694 /* Bubble PopTests.xctest */ = {isa = PBXFileReference; explicitFileType = wrapper.cfbundle; includeInIndex = 0; path = "Bubble PopTests.xctest"; sourceTree = BUILT_PRODUCTS_DIR; };
		48CCA3E429DAB87200203694 /* Bubble_PopTests.swift */ = {isa = PBXFileReference; lastKnownFileType = sourcecode.swift; path = Bubble_PopTests.swift; sourceTree = "<group>"; };
		48CCA3EA29DAB87200203694 /* Bubble PopUITests.xctest */ = {isa = PBXFileReference; explicitFileType = wrapper.cfbundle; includeInIndex = 0; path = "Bubble PopUITests.xctest"; sourceTree = BUILT_PRODUCTS_DIR; };
		48CCA3EE29DAB87200203694 /* Bubble_PopUITests.swift */ = {isa = PBXFileReference; lastKnownFileType = sourcecode.swift; path = Bubble_PopUITests.swift; sourceTree = "<group>"; };
		48CCA3F029DAB87200203694 /* Bubble_PopUITestsLaunchTests.swift */ = {isa = PBXFileReference; lastKnownFileType = sourcecode.swift; path = Bubble_PopUITestsLaunchTests.swift; sourceTree = "<group>"; };
		48CCA40029DAB9A600203694 /* MainViewController.swift */ = {isa = PBXFileReference; lastKnownFileType = sourcecode.swift; path = MainViewController.swift; sourceTree = "<group>"; };
		48CCA43E29DABDDD00203694 /* SettingViewController.swift */ = {isa = PBXFileReference; lastKnownFileType = sourcecode.swift; path = SettingViewController.swift; sourceTree = "<group>"; };
		48CCA44029DABDFA00203694 /* GameViewController.swift */ = {isa = PBXFileReference; lastKnownFileType = sourcecode.swift; path = GameViewController.swift; sourceTree = "<group>"; };
		48CCA44229DABE0D00203694 /* HighscoreViewController.swift */ = {isa = PBXFileReference; lastKnownFileType = sourcecode.swift; path = HighscoreViewController.swift; sourceTree = "<group>"; };
/* End PBXFileReference section */

/* Begin PBXFrameworksBuildPhase section */
		48CCA3C729DAB86E00203694 /* Frameworks */ = {
			isa = PBXFrameworksBuildPhase;
			buildActionMask = 2147483647;
			files = (
			);
			runOnlyForDeploymentPostprocessing = 0;
		};
		48CCA3DD29DAB87200203694 /* Frameworks */ = {
			isa = PBXFrameworksBuildPhase;
			buildActionMask = 2147483647;
			files = (
			);
			runOnlyForDeploymentPostprocessing = 0;
		};
		48CCA3E729DAB87200203694 /* Frameworks */ = {
			isa = PBXFrameworksBuildPhase;
			buildActionMask = 2147483647;
			files = (
			);
			runOnlyForDeploymentPostprocessing = 0;
		};
/* End PBXFrameworksBuildPhase section */

/* Begin PBXGroup section */
		48CCA3C129DAB86E00203694 = {
			isa = PBXGroup;
			children = (
				48CCA3CC29DAB86E00203694 /* Bubble Pop */,
				48CCA3E329DAB87200203694 /* Bubble PopTests */,
				48CCA3ED29DAB87200203694 /* Bubble PopUITests */,
				48CCA3CB29DAB86E00203694 /* Products */,
			);
			sourceTree = "<group>";
		};
		48CCA3CB29DAB86E00203694 /* Products */ = {
			isa = PBXGroup;
			children = (
				48CCA3CA29DAB86E00203694 /* Bubble Pop.app */,
				48CCA3E029DAB87200203694 /* Bubble PopTests.xctest */,
				48CCA3EA29DAB87200203694 /* Bubble PopUITests.xctest */,
			);
			name = Products;
			sourceTree = "<group>";
		};
		48CCA3CC29DAB86E00203694 /* Bubble Pop */ = {
			isa = PBXGroup;
			children = (
				48CCA3FF29DAB96300203694 /* Model */,
				48CCA3FE29DAB95400203694 /* View */,
				48CCA3FD29DAB94B00203694 /* Controller */,
				48CCA3CD29DAB86E00203694 /* AppDelegate.swift */,
				48CCA3CF29DAB86E00203694 /* SceneDelegate.swift */,
				48CCA3D629DAB87200203694 /* Assets.xcassets */,
				48CCA3D829DAB87200203694 /* LaunchScreen.storyboard */,
				48CCA3DB29DAB87200203694 /* Info.plist */,
			);
			path = "Bubble Pop";
			sourceTree = "<group>";
		};
		48CCA3E329DAB87200203694 /* Bubble PopTests */ = {
			isa = PBXGroup;
			children = (
				48CCA3E429DAB87200203694 /* Bubble_PopTests.swift */,
			);
			path = "Bubble PopTests";
			sourceTree = "<group>";
		};
		48CCA3ED29DAB87200203694 /* Bubble PopUITests */ = {
			isa = PBXGroup;
			children = (
				48CCA3EE29DAB87200203694 /* Bubble_PopUITests.swift */,
				48CCA3F029DAB87200203694 /* Bubble_PopUITestsLaunchTests.swift */,
			);
			path = "Bubble PopUITests";
			sourceTree = "<group>";
		};
		48CCA3FD29DAB94B00203694 /* Controller */ = {
			isa = PBXGroup;
			children = (
				48CCA40029DAB9A600203694 /* MainViewController.swift */,
				48CCA43E29DABDDD00203694 /* SettingViewController.swift */,
				48CCA44029DABDFA00203694 /* GameViewController.swift */,
				48CCA44229DABE0D00203694 /* HighscoreViewController.swift */,
			);
			path = Controller;
			sourceTree = "<group>";
		};
		48CCA3FE29DAB95400203694 /* View */ = {
			isa = PBXGroup;
			children = (
				48CCA3D329DAB86E00203694 /* Main.storyboard */,
			);
			path = View;
			sourceTree = "<group>";
		};
		48CCA3FF29DAB96300203694 /* Model */ = {
			isa = PBXGroup;
			children = (
				4803B17F29DAD3FC003BB4BA /* Bubble.swift */,
				4803B18129DAD43D003BB4BA /* Player.swift */,
				485D97B529F6B1E100A07798 /* Countdown.swift */,
			);
			path = Model;
			sourceTree = "<group>";
		};
/* End PBXGroup section */

/* Begin PBXNativeTarget section */
		48CCA3C929DAB86E00203694 /* Bubble Pop */ = {
			isa = PBXNativeTarget;
			buildConfigurationList = 48CCA3F429DAB87200203694 /* Build configuration list for PBXNativeTarget "Bubble Pop" */;
			buildPhases = (
				48CCA3C629DAB86E00203694 /* Sources */,
				48CCA3C729DAB86E00203694 /* Frameworks */,
				48CCA3C829DAB86E00203694 /* Resources */,
			);
			buildRules = (
			);
			dependencies = (
			);
			name = "Bubble Pop";
			productName = "Bubble Pop";
			productReference = 48CCA3CA29DAB86E00203694 /* Bubble Pop.app */;
			productType = "com.apple.product-type.application";
		};
		48CCA3DF29DAB87200203694 /* Bubble PopTests */ = {
			isa = PBXNativeTarget;
			buildConfigurationList = 48CCA3F729DAB87200203694 /* Build configuration list for PBXNativeTarget "Bubble PopTests" */;
			buildPhases = (
				48CCA3DC29DAB87200203694 /* Sources */,
				48CCA3DD29DAB87200203694 /* Frameworks */,
				48CCA3DE29DAB87200203694 /* Resources */,
			);
			buildRules = (
			);
			dependencies = (
				48CCA3E229DAB87200203694 /* PBXTargetDependency */,
			);
			name = "Bubble PopTests";
			productName = "Bubble PopTests";
			productReference = 48CCA3E029DAB87200203694 /* Bubble PopTests.xctest */;
			productType = "com.apple.product-type.bundle.unit-test";
		};
		48CCA3E929DAB87200203694 /* Bubble PopUITests */ = {
			isa = PBXNativeTarget;
			buildConfigurationList = 48CCA3FA29DAB87200203694 /* Build configuration list for PBXNativeTarget "Bubble PopUITests" */;
			buildPhases = (
				48CCA3E629DAB87200203694 /* Sources */,
				48CCA3E729DAB87200203694 /* Frameworks */,
				48CCA3E829DAB87200203694 /* Resources */,
			);
			buildRules = (
			);
			dependencies = (
				48CCA3EC29DAB87200203694 /* PBXTargetDependency */,
			);
			name = "Bubble PopUITests";
			productName = "Bubble PopUITests";
			productReference = 48CCA3EA29DAB87200203694 /* Bubble PopUITests.xctest */;
			productType = "com.apple.product-type.bundle.ui-testing";
		};
/* End PBXNativeTarget section */

/* Begin PBXProject section */
		48CCA3C229DAB86E00203694 /* Project object */ = {
			isa = PBXProject;
			attributes = {
				BuildIndependentTargetsInParallel = 1;
				LastSwiftUpdateCheck = 1420;
				LastUpgradeCheck = 1420;
				TargetAttributes = {
					48CCA3C929DAB86E00203694 = {
						CreatedOnToolsVersion = 14.2;
					};
					48CCA3DF29DAB87200203694 = {
						CreatedOnToolsVersion = 14.2;
						TestTargetID = 48CCA3C929DAB86E00203694;
					};
					48CCA3E929DAB87200203694 = {
						CreatedOnToolsVersion = 14.2;
						TestTargetID = 48CCA3C929DAB86E00203694;
					};
				};
			};
			buildConfigurationList = 48CCA3C529DAB86E00203694 /* Build configuration list for PBXProject "Bubble Pop" */;
			compatibilityVersion = "Xcode 14.0";
			developmentRegion = en;
			hasScannedForEncodings = 0;
			knownRegions = (
				en,
				Base,
			);
			mainGroup = 48CCA3C129DAB86E00203694;
			productRefGroup = 48CCA3CB29DAB86E00203694 /* Products */;
			projectDirPath = "";
			projectRoot = "";
			targets = (
				48CCA3C929DAB86E00203694 /* Bubble Pop */,
				48CCA3DF29DAB87200203694 /* Bubble PopTests */,
				48CCA3E929DAB87200203694 /* Bubble PopUITests */,
			);
		};
/* End PBXProject section */

/* Begin PBXResourcesBuildPhase section */
		48CCA3C829DAB86E00203694 /* Resources */ = {
			isa = PBXResourcesBuildPhase;
			buildActionMask = 2147483647;
			files = (
				48CCA3DA29DAB87200203694 /* LaunchScreen.storyboard in Resources */,
				48CCA3D729DAB87200203694 /* Assets.xcassets in Resources */,
				48CCA3D529DAB86E00203694 /* Main.storyboard in Resources */,
			);
			runOnlyForDeploymentPostprocessing = 0;
		};
		48CCA3DE29DAB87200203694 /* Resources */ = {
			isa = PBXResourcesBuildPhase;
			buildActionMask = 2147483647;
			files = (
			);
			runOnlyForDeploymentPostprocessing = 0;
		};
		48CCA3E829DAB87200203694 /* Resources */ = {
			isa = PBXResourcesBuildPhase;
			buildActionMask = 2147483647;
			files = (
			);
			runOnlyForDeploymentPostprocessing = 0;
		};
/* End PBXResourcesBuildPhase section */

/* Begin PBXSourcesBuildPhase section */
		48CCA3C629DAB86E00203694 /* Sources */ = {
			isa = PBXSourcesBuildPhase;
			buildActionMask = 2147483647;
			files = (
				48CCA44129DABDFA00203694 /* GameViewController.swift in Sources */,
				48CCA3CE29DAB86E00203694 /* AppDelegate.swift in Sources */,
				48CCA3D029DAB86E00203694 /* SceneDelegate.swift in Sources */,
				48CCA44329DABE0D00203694 /* HighscoreViewController.swift in Sources */,
				4803B18229DAD43D003BB4BA /* Player.swift in Sources */,
				485D97B629F6B1E200A07798 /* Countdown.swift in Sources */,
				4803B18029DAD3FC003BB4BA /* Bubble.swift in Sources */,
				48CCA40129DAB9A600203694 /* MainViewController.swift in Sources */,
				48CCA43F29DABDDD00203694 /* SettingViewController.swift in Sources */,
			);
			runOnlyForDeploymentPostprocessing = 0;
		};
		48CCA3DC29DAB87200203694 /* Sources */ = {
			isa = PBXSourcesBuildPhase;
			buildActionMask = 2147483647;
			files = (
				48CCA3E529DAB87200203694 /* Bubble_PopTests.swift in Sources */,
			);
			runOnlyForDeploymentPostprocessing = 0;
		};
		48CCA3E629DAB87200203694 /* Sources */ = {
			isa = PBXSourcesBuildPhase;
			buildActionMask = 2147483647;
			files = (
				48CCA3F129DAB87200203694 /* Bubble_PopUITestsLaunchTests.swift in Sources */,
				48CCA3EF29DAB87200203694 /* Bubble_PopUITests.swift in Sources */,
			);
			runOnlyForDeploymentPostprocessing = 0;
		};
/* End PBXSourcesBuildPhase section */

/* Begin PBXTargetDependency section */
		48CCA3E229DAB87200203694 /* PBXTargetDependency */ = {
			isa = PBXTargetDependency;
			target = 48CCA3C929DAB86E00203694 /* Bubble Pop */;
			targetProxy = 48CCA3E129DAB87200203694 /* PBXContainerItemProxy */;
		};
		48CCA3EC29DAB87200203694 /* PBXTargetDependency */ = {
			isa = PBXTargetDependency;
			target = 48CCA3C929DAB86E00203694 /* Bubble Pop */;
			targetProxy = 48CCA3EB29DAB87200203694 /* PBXContainerItemProxy */;
		};
/* End PBXTargetDependency section */

/* Begin PBXVariantGroup section */
		48CCA3D329DAB86E00203694 /* Main.storyboard */ = {
			isa = PBXVariantGroup;
			children = (
				48CCA3D429DAB86E00203694 /* Base */,
			);
			name = Main.storyboard;
			sourceTree = "<group>";
		};
		48CCA3D829DAB87200203694 /* LaunchScreen.storyboard */ = {
			isa = PBXVariantGroup;
			children = (
				48CCA3D929DAB87200203694 /* Base */,
			);
			name = LaunchScreen.storyboard;
			sourceTree = "<group>";
		};
/* End PBXVariantGroup section */

/* Begin XCBuildConfiguration section */
		48CCA3F229DAB87200203694 /* Debug */ = {
			isa = XCBuildConfiguration;
			buildSettings = {
				ALWAYS_SEARCH_USER_PATHS = NO;
				CLANG_ANALYZER_NONNULL = YES;
				CLANG_ANALYZER_NUMBER_OBJECT_CONVERSION = YES_AGGRESSIVE;
				CLANG_CXX_LANGUAGE_STANDARD = "gnu++20";
				CLANG_ENABLE_MODULES = YES;
				CLANG_ENABLE_OBJC_ARC = YES;
				CLANG_ENABLE_OBJC_WEAK = YES;
				CLANG_WARN_BLOCK_CAPTURE_AUTORELEASING = YES;
				CLANG_WARN_BOOL_CONVERSION = YES;
				CLANG_WARN_COMMA = YES;
				CLANG_WARN_CONSTANT_CONVERSION = YES;
				CLANG_WARN_DEPRECATED_OBJC_IMPLEMENTATIONS = YES;
				CLANG_WARN_DIRECT_OBJC_ISA_USAGE = YES_ERROR;
				CLANG_WARN_DOCUMENTATION_COMMENTS = YES;
				CLANG_WARN_EMPTY_BODY = YES;
				CLANG_WARN_ENUM_CONVERSION = YES;
				CLANG_WARN_INFINITE_RECURSION = YES;
				CLANG_WARN_INT_CONVERSION = YES;
				CLANG_WARN_NON_LITERAL_NULL_CONVERSION = YES;
				CLANG_WARN_OBJC_IMPLICIT_RETAIN_SELF = YES;
				CLANG_WARN_OBJC_LITERAL_CONVERSION = YES;
				CLANG_WARN_OBJC_ROOT_CLASS = YES_ERROR;
				CLANG_WARN_QUOTED_INCLUDE_IN_FRAMEWORK_HEADER = YES;
				CLANG_WARN_RANGE_LOOP_ANALYSIS = YES;
				CLANG_WARN_STRICT_PROTOTYPES = YES;
				CLANG_WARN_SUSPICIOUS_MOVE = YES;
				CLANG_WARN_UNGUARDED_AVAILABILITY = YES_AGGRESSIVE;
				CLANG_WARN_UNREACHABLE_CODE = YES;
				CLANG_WARN__DUPLICATE_METHOD_MATCH = YES;
				COPY_PHASE_STRIP = NO;
				DEBUG_INFORMATION_FORMAT = dwarf;
				ENABLE_STRICT_OBJC_MSGSEND = YES;
				ENABLE_TESTABILITY = YES;
				GCC_C_LANGUAGE_STANDARD = gnu11;
				GCC_DYNAMIC_NO_PIC = NO;
				GCC_NO_COMMON_BLOCKS = YES;
				GCC_OPTIMIZATION_LEVEL = 0;
				GCC_PREPROCESSOR_DEFINITIONS = (
					"DEBUG=1",
					"$(inherited)",
				);
				GCC_WARN_64_TO_32_BIT_CONVERSION = YES;
				GCC_WARN_ABOUT_RETURN_TYPE = YES_ERROR;
				GCC_WARN_UNDECLARED_SELECTOR = YES;
				GCC_WARN_UNINITIALIZED_AUTOS = YES_AGGRESSIVE;
				GCC_WARN_UNUSED_FUNCTION = YES;
				GCC_WARN_UNUSED_VARIABLE = YES;
				IPHONEOS_DEPLOYMENT_TARGET = 16.2;
				MTL_ENABLE_DEBUG_INFO = INCLUDE_SOURCE;
				MTL_FAST_MATH = YES;
				ONLY_ACTIVE_ARCH = YES;
				SDKROOT = iphoneos;
				SWIFT_ACTIVE_COMPILATION_CONDITIONS = DEBUG;
				SWIFT_OPTIMIZATION_LEVEL = "-Onone";
			};
			name = Debug;
		};
		48CCA3F329DAB87200203694 /* Release */ = {
			isa = XCBuildConfiguration;
			buildSettings = {
				ALWAYS_SEARCH_USER_PATHS = NO;
				CLANG_ANALYZER_NONNULL = YES;
				CLANG_ANALYZER_NUMBER_OBJECT_CONVERSION = YES_AGGRESSIVE;
				CLANG_CXX_LANGUAGE_STANDARD = "gnu++20";
				CLANG_ENABLE_MODULES = YES;
				CLANG_ENABLE_OBJC_ARC = YES;
				CLANG_ENABLE_OBJC_WEAK = YES;
				CLANG_WARN_BLOCK_CAPTURE_AUTORELEASING = YES;
				CLANG_WARN_BOOL_CONVERSION = YES;
				CLANG_WARN_COMMA = YES;
				CLANG_WARN_CONSTANT_CONVERSION = YES;
				CLANG_WARN_DEPRECATED_OBJC_IMPLEMENTATIONS = YES;
				CLANG_WARN_DIRECT_OBJC_ISA_USAGE = YES_ERROR;
				CLANG_WARN_DOCUMENTATION_COMMENTS = YES;
				CLANG_WARN_EMPTY_BODY = YES;
				CLANG_WARN_ENUM_CONVERSION = YES;
				CLANG_WARN_INFINITE_RECURSION = YES;
				CLANG_WARN_INT_CONVERSION = YES;
				CLANG_WARN_NON_LITERAL_NULL_CONVERSION = YES;
				CLANG_WARN_OBJC_IMPLICIT_RETAIN_SELF = YES;
				CLANG_WARN_OBJC_LITERAL_CONVERSION = YES;
				CLANG_WARN_OBJC_ROOT_CLASS = YES_ERROR;
				CLANG_WARN_QUOTED_INCLUDE_IN_FRAMEWORK_HEADER = YES;
				CLANG_WARN_RANGE_LOOP_ANALYSIS = YES;
				CLANG_WARN_STRICT_PROTOTYPES = YES;
				CLANG_WARN_SUSPICIOUS_MOVE = YES;
				CLANG_WARN_UNGUARDED_AVAILABILITY = YES_AGGRESSIVE;
				CLANG_WARN_UNREACHABLE_CODE = YES;
				CLANG_WARN__DUPLICATE_METHOD_MATCH = YES;
				COPY_PHASE_STRIP = NO;
				DEBUG_INFORMATION_FORMAT = "dwarf-with-dsym";
				ENABLE_NS_ASSERTIONS = NO;
				ENABLE_STRICT_OBJC_MSGSEND = YES;
				GCC_C_LANGUAGE_STANDARD = gnu11;
				GCC_NO_COMMON_BLOCKS = YES;
				GCC_WARN_64_TO_32_BIT_CONVERSION = YES;
				GCC_WARN_ABOUT_RETURN_TYPE = YES_ERROR;
				GCC_WARN_UNDECLARED_SELECTOR = YES;
				GCC_WARN_UNINITIALIZED_AUTOS = YES_AGGRESSIVE;
				GCC_WARN_UNUSED_FUNCTION = YES;
				GCC_WARN_UNUSED_VARIABLE = YES;
				IPHONEOS_DEPLOYMENT_TARGET = 16.2;
				MTL_ENABLE_DEBUG_INFO = NO;
				MTL_FAST_MATH = YES;
				SDKROOT = iphoneos;
				SWIFT_COMPILATION_MODE = wholemodule;
				SWIFT_OPTIMIZATION_LEVEL = "-O";
				VALIDATE_PRODUCT = YES;
			};
			name = Release;
		};
		48CCA3F529DAB87200203694 /* Debug */ = {
			isa = XCBuildConfiguration;
			buildSettings = {
				ASSETCATALOG_COMPILER_APPICON_NAME = AppIcon;
				ASSETCATALOG_COMPILER_GLOBAL_ACCENT_COLOR_NAME = AccentColor;
				CODE_SIGN_STYLE = Automatic;
				CURRENT_PROJECT_VERSION = 1;
				GENERATE_INFOPLIST_FILE = YES;
				INFOPLIST_FILE = "Bubble Pop/Info.plist";
				INFOPLIST_KEY_UIApplicationSupportsIndirectInputEvents = YES;
				INFOPLIST_KEY_UILaunchStoryboardName = LaunchScreen;
				INFOPLIST_KEY_UIMainStoryboardFile = Main;
				INFOPLIST_KEY_UISupportedInterfaceOrientations_iPad = "UIInterfaceOrientationPortrait UIInterfaceOrientationPortraitUpsideDown UIInterfaceOrientationLandscapeLeft UIInterfaceOrientationLandscapeRight";
				INFOPLIST_KEY_UISupportedInterfaceOrientations_iPhone = "UIInterfaceOrientationPortrait UIInterfaceOrientationLandscapeLeft UIInterfaceOrientationLandscapeRight";
				LD_RUNPATH_SEARCH_PATHS = (
					"$(inherited)",
					"@executable_path/Frameworks",
				);
				MARKETING_VERSION = 1.0;
				PRODUCT_BUNDLE_IDENTIFIER = "caitlin.mauricio-student.uts.edu.au.Bubble-Pop";
				PRODUCT_NAME = "$(TARGET_NAME)";
				SWIFT_EMIT_LOC_STRINGS = YES;
				SWIFT_VERSION = 5.0;
				TARGETED_DEVICE_FAMILY = "1,2";
			};
			name = Debug;
		};
		48CCA3F629DAB87200203694 /* Release */ = {
			isa = XCBuildConfiguration;
			buildSettings = {
				ASSETCATALOG_COMPILER_APPICON_NAME = AppIcon;
				ASSETCATALOG_COMPILER_GLOBAL_ACCENT_COLOR_NAME = AccentColor;
				CODE_SIGN_STYLE = Automatic;
				CURRENT_PROJECT_VERSION = 1;
				GENERATE_INFOPLIST_FILE = YES;
				INFOPLIST_FILE = "Bubble Pop/Info.plist";
				INFOPLIST_KEY_UIApplicationSupportsIndirectInputEvents = YES;
				INFOPLIST_KEY_UILaunchStoryboardName = LaunchScreen;
				INFOPLIST_KEY_UIMainStoryboardFile = Main;
				INFOPLIST_KEY_UISupportedInterfaceOrientations_iPad = "UIInterfaceOrientationPortrait UIInterfaceOrientationPortraitUpsideDown UIInterfaceOrientationLandscapeLeft UIInterfaceOrientationLandscapeRight";
				INFOPLIST_KEY_UISupportedInterfaceOrientations_iPhone = "UIInterfaceOrientationPortrait UIInterfaceOrientationLandscapeLeft UIInterfaceOrientationLandscapeRight";
				LD_RUNPATH_SEARCH_PATHS = (
					"$(inherited)",
					"@executable_path/Frameworks",
				);
				MARKETING_VERSION = 1.0;
				PRODUCT_BUNDLE_IDENTIFIER = "caitlin.mauricio-student.uts.edu.au.Bubble-Pop";
				PRODUCT_NAME = "$(TARGET_NAME)";
				SWIFT_EMIT_LOC_STRINGS = YES;
				SWIFT_VERSION = 5.0;
				TARGETED_DEVICE_FAMILY = "1,2";
			};
			name = Release;
		};
		48CCA3F829DAB87200203694 /* Debug */ = {
			isa = XCBuildConfiguration;
			buildSettings = {
				ALWAYS_EMBED_SWIFT_STANDARD_LIBRARIES = YES;
				BUNDLE_LOADER = "$(TEST_HOST)";
				CODE_SIGN_STYLE = Automatic;
				CURRENT_PROJECT_VERSION = 1;
				GENERATE_INFOPLIST_FILE = YES;
				IPHONEOS_DEPLOYMENT_TARGET = 16.2;
				MARKETING_VERSION = 1.0;
				PRODUCT_BUNDLE_IDENTIFIER = "caitlin.mauricio-student.uts.edu.au.Bubble-PopTests";
				PRODUCT_NAME = "$(TARGET_NAME)";
				SWIFT_EMIT_LOC_STRINGS = NO;
				SWIFT_VERSION = 5.0;
				TARGETED_DEVICE_FAMILY = "1,2";
				TEST_HOST = "$(BUILT_PRODUCTS_DIR)/Bubble Pop.app/$(BUNDLE_EXECUTABLE_FOLDER_PATH)/Bubble Pop";
			};
			name = Debug;
		};
		48CCA3F929DAB87200203694 /* Release */ = {
			isa = XCBuildConfiguration;
			buildSettings = {
				ALWAYS_EMBED_SWIFT_STANDARD_LIBRARIES = YES;
				BUNDLE_LOADER = "$(TEST_HOST)";
				CODE_SIGN_STYLE = Automatic;
				CURRENT_PROJECT_VERSION = 1;
				GENERATE_INFOPLIST_FILE = YES;
				IPHONEOS_DEPLOYMENT_TARGET = 16.2;
				MARKETING_VERSION = 1.0;
				PRODUCT_BUNDLE_IDENTIFIER = "caitlin.mauricio-student.uts.edu.au.Bubble-PopTests";
				PRODUCT_NAME = "$(TARGET_NAME)";
				SWIFT_EMIT_LOC_STRINGS = NO;
				SWIFT_VERSION = 5.0;
				TARGETED_DEVICE_FAMILY = "1,2";
				TEST_HOST = "$(BUILT_PRODUCTS_DIR)/Bubble Pop.app/$(BUNDLE_EXECUTABLE_FOLDER_PATH)/Bubble Pop";
			};
			name = Release;
		};
		48CCA3FB29DAB87200203694 /* Debug */ = {
			isa = XCBuildConfiguration;
			buildSettings = {
				ALWAYS_EMBED_SWIFT_STANDARD_LIBRARIES = YES;
				CODE_SIGN_STYLE = Automatic;
				CURRENT_PROJECT_VERSION = 1;
				GENERATE_INFOPLIST_FILE = YES;
				MARKETING_VERSION = 1.0;
				PRODUCT_BUNDLE_IDENTIFIER = "caitlin.mauricio-student.uts.edu.au.Bubble-PopUITests";
				PRODUCT_NAME = "$(TARGET_NAME)";
				SWIFT_EMIT_LOC_STRINGS = NO;
				SWIFT_VERSION = 5.0;
				TARGETED_DEVICE_FAMILY = "1,2";
				TEST_TARGET_NAME = "Bubble Pop";
			};
			name = Debug;
		};
		48CCA3FC29DAB87200203694 /* Release */ = {
			isa = XCBuildConfiguration;
			buildSettings = {
				ALWAYS_EMBED_SWIFT_STANDARD_LIBRARIES = YES;
				CODE_SIGN_STYLE = Automatic;
				CURRENT_PROJECT_VERSION = 1;
				GENERATE_INFOPLIST_FILE = YES;
				MARKETING_VERSION = 1.0;
				PRODUCT_BUNDLE_IDENTIFIER = "caitlin.mauricio-student.uts.edu.au.Bubble-PopUITests";
				PRODUCT_NAME = "$(TARGET_NAME)";
				SWIFT_EMIT_LOC_STRINGS = NO;
				SWIFT_VERSION = 5.0;
				TARGETED_DEVICE_FAMILY = "1,2";
				TEST_TARGET_NAME = "Bubble Pop";
			};
			name = Release;
		};
/* End XCBuildConfiguration section */

/* Begin XCConfigurationList section */
		48CCA3C529DAB86E00203694 /* Build configuration list for PBXProject "Bubble Pop" */ = {
			isa = XCConfigurationList;
			buildConfigurations = (
				48CCA3F229DAB87200203694 /* Debug */,
				48CCA3F329DAB87200203694 /* Release */,
			);
			defaultConfigurationIsVisible = 0;
			defaultConfigurationName = Release;
		};
		48CCA3F429DAB87200203694 /* Build configuration list for PBXNativeTarget "Bubble Pop" */ = {
			isa = XCConfigurationList;
			buildConfigurations = (
				48CCA3F529DAB87200203694 /* Debug */,
				48CCA3F629DAB87200203694 /* Release */,
			);
			defaultConfigurationIsVisible = 0;
			defaultConfigurationName = Release;
		};
		48CCA3F729DAB87200203694 /* Build configuration list for PBXNativeTarget "Bubble PopTests" */ = {
			isa = XCConfigurationList;
			buildConfigurations = (
				48CCA3F829DAB87200203694 /* Debug */,
				48CCA3F929DAB87200203694 /* Release */,
			);
			defaultConfigurationIsVisible = 0;
			defaultConfigurationName = Release;
		};
		48CCA3FA29DAB87200203694 /* Build configuration list for PBXNativeTarget "Bubble PopUITests" */ = {
			isa = XCConfigurationList;
			buildConfigurations = (
				48CCA3FB29DAB87200203694 /* Debug */,
				48CCA3FC29DAB87200203694 /* Release */,
			);
			defaultConfigurationIsVisible = 0;
			defaultConfigurationName = Release;
		};
/* End XCConfigurationList section */
	};
	rootObject = 48CCA3C229DAB86E00203694 /* Project object */;
}
